
Microsoft Visual Studio Solution File, Format Version 12.00
# Visual Studio Version 17
VisualStudioVersion = 17.9.34723.18
MinimumVisualStudioVersion = 10.0.40219.1
Project("{9A19103F-16F7-4668-BE54-9A1E7A4F7556}") = "API", "API\API.csproj", "{BF46D4C0-4283-4FFC-B86C-BA0F9944B632}"
EndProject
Project("{9A19103F-16F7-4668-BE54-9A1E7A4F7556}") = "Application", "Application\Application.csproj", "{2461F2AA-6A3C-4253-95A8-DF07E8C75ABC}"
EndProject
Project("{2150E333-8FDC-42A3-9474-1A3956D46DE8}") = "Presentacion", "Presentacion", "{E7267373-37B5-4A53-9E65-F9232892A76C}"
EndProject
Project("{2150E333-8FDC-42A3-9474-1A3956D46DE8}") = "Aplicacion", "Aplicacion", "{A3EC7C3B-4843-4252-9930-B09728340BD5}"
EndProject
Project("{2150E333-8FDC-42A3-9474-1A3956D46DE8}") = "Dominio", "Dominio", "{77959A86-AD81-4ABF-A4F2-8772F78B45F1}"
EndProject
Project("{2150E333-8FDC-42A3-9474-1A3956D46DE8}") = "Infraestructura", "Infraestructura", "{EC4BAEE3-1160-4BEE-81F5-CDDABEC53729}"
EndProject
Project("{2150E333-8FDC-42A3-9474-1A3956D46DE8}") = "Prueba", "Prueba", "{5AC7E90A-91E3-4F69-AF2F-C96736C46EA3}"
EndProject
Project("{2150E333-8FDC-42A3-9474-1A3956D46DE8}") = "Compartida", "Compartida", "{77C655BC-6BD1-492D-A000-426C21740B74}"
EndProject
Project("{9A19103F-16F7-4668-BE54-9A1E7A4F7556}") = "Domain", "Domain\Domain.csproj", "{B08E9261-0FFD-4361-BE31-B1B3A4025EF8}"
EndProject
Project("{9A19103F-16F7-4668-BE54-9A1E7A4F7556}") = "Infrastructure", "Infrastructure\Infrastructure.csproj", "{AC6F4A27-5F8B-4A34-BC5D-D20039A3DE7A}"
EndProject
Project("{9A19103F-16F7-4668-BE54-9A1E7A4F7556}") = "Shared", "Shared\Shared.csproj", "{76FCBDC5-E70B-47F5-9F8C-5DE778C6F887}"
EndProject
Project("{FAE04EC0-301F-11D3-BF4B-00C04F79EFBC}") = "Test", "Test\Test.csproj", "{277F4A33-F02E-4306-B550-3BCBE50ADD30}"
EndProject
Global
	GlobalSection(SolutionConfigurationPlatforms) = preSolution
		Debug|Any CPU = Debug|Any CPU
		Release|Any CPU = Release|Any CPU
	EndGlobalSection
	GlobalSection(ProjectConfigurationPlatforms) = postSolution
		{BF46D4C0-4283-4FFC-B86C-BA0F9944B632}.Debug|Any CPU.ActiveCfg = Debug|Any CPU
		{BF46D4C0-4283-4FFC-B86C-BA0F9944B632}.Debug|Any CPU.Build.0 = Debug|Any CPU
		{BF46D4C0-4283-4FFC-B86C-BA0F9944B632}.Release|Any CPU.ActiveCfg = Release|Any CPU
		{BF46D4C0-4283-4FFC-B86C-BA0F9944B632}.Release|Any CPU.Build.0 = Release|Any CPU
		{2461F2AA-6A3C-4253-95A8-DF07E8C75ABC}.Debug|Any CPU.ActiveCfg = Debug|Any CPU
		{2461F2AA-6A3C-4253-95A8-DF07E8C75ABC}.Debug|Any CPU.Build.0 = Debug|Any CPU
		{2461F2AA-6A3C-4253-95A8-DF07E8C75ABC}.Release|Any CPU.ActiveCfg = Release|Any CPU
		{2461F2AA-6A3C-4253-95A8-DF07E8C75ABC}.Release|Any CPU.Build.0 = Release|Any CPU
		{B08E9261-0FFD-4361-BE31-B1B3A4025EF8}.Debug|Any CPU.ActiveCfg = Debug|Any CPU
		{B08E9261-0FFD-4361-BE31-B1B3A4025EF8}.Debug|Any CPU.Build.0 = Debug|Any CPU
		{B08E9261-0FFD-4361-BE31-B1B3A4025EF8}.Release|Any CPU.ActiveCfg = Release|Any CPU
		{B08E9261-0FFD-4361-BE31-B1B3A4025EF8}.Release|Any CPU.Build.0 = Release|Any CPU
		{AC6F4A27-5F8B-4A34-BC5D-D20039A3DE7A}.Debug|Any CPU.ActiveCfg = Debug|Any CPU
		{AC6F4A27-5F8B-4A34-BC5D-D20039A3DE7A}.Debug|Any CPU.Build.0 = Debug|Any CPU
		{AC6F4A27-5F8B-4A34-BC5D-D20039A3DE7A}.Release|Any CPU.ActiveCfg = Release|Any CPU
		{AC6F4A27-5F8B-4A34-BC5D-D20039A3DE7A}.Release|Any CPU.Build.0 = Release|Any CPU
		{76FCBDC5-E70B-47F5-9F8C-5DE778C6F887}.Debug|Any CPU.ActiveCfg = Debug|Any CPU
		{76FCBDC5-E70B-47F5-9F8C-5DE778C6F887}.Debug|Any CPU.Build.0 = Debug|Any CPU
		{76FCBDC5-E70B-47F5-9F8C-5DE778C6F887}.Release|Any CPU.ActiveCfg = Release|Any CPU
		{76FCBDC5-E70B-47F5-9F8C-5DE778C6F887}.Release|Any CPU.Build.0 = Release|Any CPU
		{277F4A33-F02E-4306-B550-3BCBE50ADD30}.Debug|Any CPU.ActiveCfg = Debug|Any CPU
		{277F4A33-F02E-4306-B550-3BCBE50ADD30}.Debug|Any CPU.Build.0 = Debug|Any CPU
		{277F4A33-F02E-4306-B550-3BCBE50ADD30}.Release|Any CPU.ActiveCfg = Release|Any CPU
		{277F4A33-F02E-4306-B550-3BCBE50ADD30}.Release|Any CPU.Build.0 = Release|Any CPU
	EndGlobalSection
	GlobalSection(SolutionProperties) = preSolution
		HideSolutionNode = FALSE
	EndGlobalSection
	GlobalSection(NestedProjects) = preSolution
		{BF46D4C0-4283-4FFC-B86C-BA0F9944B632} = {E7267373-37B5-4A53-9E65-F9232892A76C}
		{2461F2AA-6A3C-4253-95A8-DF07E8C75ABC} = {A3EC7C3B-4843-4252-9930-B09728340BD5}
		{B08E9261-0FFD-4361-BE31-B1B3A4025EF8} = {77959A86-AD81-4ABF-A4F2-8772F78B45F1}
		{AC6F4A27-5F8B-4A34-BC5D-D20039A3DE7A} = {EC4BAEE3-1160-4BEE-81F5-CDDABEC53729}
		{76FCBDC5-E70B-47F5-9F8C-5DE778C6F887} = {77C655BC-6BD1-492D-A000-426C21740B74}
		{277F4A33-F02E-4306-B550-3BCBE50ADD30} = {5AC7E90A-91E3-4F69-AF2F-C96736C46EA3}
	EndGlobalSection
	GlobalSection(ExtensibilityGlobals) = postSolution
		SolutionGuid = {D7B38F71-96E9-4BAA-B72D-30389E082D7F}
	EndGlobalSection
EndGlobal
